
Microsoft Visual Studio Solution File, Format Version 12.00
# Visual Studio Version 16
VisualStudioVersion = 16.0.30621.155
MinimumVisualStudioVersion = 10.0.40219.1
Project("{FAE04EC0-301F-11D3-BF4B-00C04F79EFBC}") = "Calculatrice", "Calculatrice\Calculatrice.csproj", "{24F34D62-72CB-4BA7-8CE0-6A97EF4775DA}"
EndProject
Global
	GlobalSection(SolutionConfigurationPlatforms) = preSolution
		Debug|Any CPU = Debug|Any CPU
		Release|Any CPU = Release|Any CPU
	EndGlobalSection
	GlobalSection(ProjectConfigurationPlatforms) = postSolution
		{24F34D62-72CB-4BA7-8CE0-6A97EF4775DA}.Debug|Any CPU.ActiveCfg = Debug|Any CPU
		{24F34D62-72CB-4BA7-8CE0-6A97EF4775DA}.Debug|Any CPU.Build.0 = Debug|Any CPU
		{24F34D62-72CB-4BA7-8CE0-6A97EF4775DA}.Release|Any CPU.ActiveCfg = Release|Any CPU
		{24F34D62-72CB-4BA7-8CE0-6A97EF4775DA}.Release|Any CPU.Build.0 = Release|Any CPU
	EndGlobalSection
	GlobalSection(SolutionProperties) = preSolution
		HideSolutionNode = FALSE
	EndGlobalSection
	GlobalSection(ExtensibilityGlobals) = postSolution
		SolutionGuid = {E48A24F0-BD67-4174-99D8-EFDEF51CB4B9}
	EndGlobalSection
EndGlobal
